// !$*UTF8*$!
{
	archiveVersion = 1;
	classes = {
	};
	objectVersion = 42;
	objects = {

/* Begin PBXAggregateTarget section */
		BC7FBBAC1215DFD9008893E4 /* Program */ = {
			isa = PBXAggregateTarget;
			buildConfigurationList = BC7FBBB01215DFF7008893E4 /* Build configuration list for PBXAggregateTarget "Program" */;
			buildPhases = (
				BC7FBBAB1215DFD9008893E4 /* ShellScript */,
			);
			dependencies = (
			);
			name = Program;
			productName = Program;
		};
/* End PBXAggregateTarget section */

/* Begin PBXFileReference section */
		BCED7CCE121CBF7D00A16C08 /* cmd.c */ = {isa = PBXFileReference; fileEncoding = 4; lastKnownFileType = sourcecode.c.c; path = cmd.c; sourceTree = "<group>"; };
		BCED7CCF121CBF7D00A16C08 /* cmd.h */ = {isa = PBXFileReference; fileEncoding = 4; lastKnownFileType = sourcecode.c.h; path = cmd.h; sourceTree = "<group>"; };
		BCED7CD0121CBF7D00A16C08 /* cmd_tbl.h */ = {isa = PBXFileReference; fileEncoding = 4; lastKnownFileType = sourcecode.c.h; path = cmd_tbl.h; sourceTree = "<group>"; };
		BCED7CD1121CBF7D00A16C08 /* commands.c */ = {isa = PBXFileReference; fileEncoding = 4; lastKnownFileType = sourcecode.c.c; path = commands.c; sourceTree = "<group>"; };
		BCED7CD3121CBF7D00A16C08 /* cpu_init.c */ = {isa = PBXFileReference; fileEncoding = 4; lastKnownFileType = sourcecode.c.c; path = cpu_init.c; sourceTree = "<group>"; };
		BCED7CD4121CBF7D00A16C08 /* cpu_init.h */ = {isa = PBXFileReference; fileEncoding = 4; lastKnownFileType = sourcecode.c.h; path = cpu_init.h; sourceTree = "<group>"; };
		BCED7CD7121CBF7D00A16C08 /* stdio.c */ = {isa = PBXFileReference; fileEncoding = 4; lastKnownFileType = sourcecode.c.c; path = stdio.c; sourceTree = "<group>"; };
		BCED7CD8121CBF7D00A16C08 /* string.c */ = {isa = PBXFileReference; fileEncoding = 4; lastKnownFileType = sourcecode.c.c; path = string.c; sourceTree = "<group>"; };
		BCED7CD9121CBF7D00A16C08 /* uart.c */ = {isa = PBXFileReference; fileEncoding = 4; lastKnownFileType = sourcecode.c.c; path = uart.c; sourceTree = "<group>"; };
		BCED7CDA121CBF7D00A16C08 /* uart.h */ = {isa = PBXFileReference; fileEncoding = 4; lastKnownFileType = sourcecode.c.h; path = uart.h; sourceTree = "<group>"; };
		BCED7CDC121CBF7D00A16C08 /* linkscript.ld */ = {isa = PBXFileReference; fileEncoding = 4; lastKnownFileType = text; path = linkscript.ld; sourceTree = "<group>"; };
		BCED7CDD121CBF7D00A16C08 /* LPC11xx_handlers.c */ = {isa = PBXFileReference; fileEncoding = 4; lastKnownFileType = sourcecode.c.c; path = LPC11xx_handlers.c; sourceTree = "<group>"; };
		BCED7CDE121CBF7D00A16C08 /* LPC1xxx_startup.c */ = {isa = PBXFileReference; fileEncoding = 4; lastKnownFileType = sourcecode.c.c; path = LPC1xxx_startup.c; sourceTree = "<group>"; };
		BCED7CDF121CBF7D00A16C08 /* sysdefs.h */ = {isa = PBXFileReference; fileEncoding = 4; lastKnownFileType = sourcecode.c.h; path = sysdefs.h; sourceTree = "<group>"; };
		BCED7CE0121CBF7D00A16C08 /* lpc111x.h */ = {isa = PBXFileReference; fileEncoding = 4; lastKnownFileType = sourcecode.c.h; path = lpc111x.h; sourceTree = "<group>"; };
		BCED7CE1121CBF7D00A16C08 /* main.c */ = {isa = PBXFileReference; fileEncoding = 4; lastKnownFileType = sourcecode.c.c; path = main.c; sourceTree = "<group>"; };
		BCED7CE2121CBF7D00A16C08 /* makefile */ = {isa = PBXFileReference; fileEncoding = 4; lastKnownFileType = sourcecode.make; path = makefile; sourceTree = "<group>"; };
		BCED7CE3121CBF8D00A16C08 /* adc.h */ = {isa = PBXFileReference; fileEncoding = 4; lastKnownFileType = sourcecode.c.h; path = adc.h; sourceTree = "<group>"; };
		BCED7CE4121CBF8D00A16C08 /* adc.c */ = {isa = PBXFileReference; fileEncoding = 4; lastKnownFileType = sourcecode.c.c; path = adc.c; sourceTree = "<group>"; };
		BCED7CE5121CBFA500A16C08 /* pwm.h */ = {isa = PBXFileReference; fileEncoding = 4; lastKnownFileType = sourcecode.c.h; path = pwm.h; sourceTree = "<group>"; };
		BCED7CE6121CBFA500A16C08 /* pwm.c */ = {isa = PBXFileReference; fileEncoding = 4; lastKnownFileType = sourcecode.c.c; path = pwm.c; sourceTree = "<group>"; };
/* End PBXFileReference section */

/* Begin PBXGroup section */
		08FB7794FE84155DC02AAC07 /* ¬´PROJECTNAME¬ª */ = {
			isa = PBXGroup;
			children = (
				BCED7CCB121CBF7D00A16C08 /* Library */,
				BCED7CDB121CBF7D00A16C08 /* lpc1xxx */,
				BCED7CE0121CBF7D00A16C08 /* lpc111x.h */,
				BCED7CE1121CBF7D00A16C08 /* main.c */,
				BCED7CE2121CBF7D00A16C08 /* makefile */,
			);
			name = "¬´PROJECTNAME¬ª";
			sourceTree = "<group>";
		};
		BCED7CCB121CBF7D00A16C08 /* Library */ = {
			isa = PBXGroup;
			children = (
				BCED7CCC121CBF7D00A16C08 /* adc */,
				BCED7CCD121CBF7D00A16C08 /* cli */,
				BCED7CD2121CBF7D00A16C08 /* init */,
				BCED7CD5121CBF7D00A16C08 /* pwm */,
				BCED7CD6121CBF7D00A16C08 /* uart */,
			);
			path = Library;
			sourceTree = "<group>";
		};
		BCED7CCC121CBF7D00A16C08 /* adc */ = {
			isa = PBXGroup;
			children = (
				BCED7CE3121CBF8D00A16C08 /* adc.h */,
				BCED7CE4121CBF8D00A16C08 /* adc.c */,
			);
			path = adc;
			sourceTree = "<group>";
		};
		BCED7CCD121CBF7D00A16C08 /* cli */ = {
			isa = PBXGroup;
			children = (
				BCED7CCE121CBF7D00A16C08 /* cmd.c */,
				BCED7CCF121CBF7D00A16C08 /* cmd.h */,
				BCED7CD0121CBF7D00A16C08 /* cmd_tbl.h */,
				BCED7CD1121CBF7D00A16C08 /* commands.c */,
			);
			path = cli;
			sourceTree = "<group>";
		};
		BCED7CD2121CBF7D00A16C08 /* init */ = {
			isa = PBXGroup;
			children = (
				BCED7CD3121CBF7D00A16C08 /* cpu_init.c */,
				BCED7CD4121CBF7D00A16C08 /* cpu_init.h */,
			);
			path = init;
			sourceTree = "<group>";
		};
		BCED7CD5121CBF7D00A16C08 /* pwm */ = {
			isa = PBXGroup;
			children = (
				BCED7CE5121CBFA500A16C08 /* pwm.h */,
				BCED7CE6121CBFA500A16C08 /* pwm.c */,
			);
			path = pwm;
			sourceTree = "<group>";
		};
		BCED7CD6121CBF7D00A16C08 /* uart */ = {
			isa = PBXGroup;
			children = (
				BCED7CD7121CBF7D00A16C08 /* stdio.c */,
				BCED7CD8121CBF7D00A16C08 /* string.c */,
				BCED7CD9121CBF7D00A16C08 /* uart.c */,
				BCED7CDA121CBF7D00A16C08 /* uart.h */,
			);
			path = uart;
			sourceTree = "<group>";
		};
		BCED7CDB121CBF7D00A16C08 /* lpc1xxx */ = {
			isa = PBXGroup;
			children = (
				BCED7CDC121CBF7D00A16C08 /* linkscript.ld */,
				BCED7CDD121CBF7D00A16C08 /* LPC11xx_handlers.c */,
				BCED7CDE121CBF7D00A16C08 /* LPC1xxx_startup.c */,
				BCED7CDF121CBF7D00A16C08 /* sysdefs.h */,
			);
			path = lpc1xxx;
			sourceTree = "<group>";
		};
/* End PBXGroup section */

/* Begin PBXLegacyTarget section */
		0142E2590A37DAD800461F0A /* Clean */ = {
			isa = PBXLegacyTarget;
			buildArgumentsString = "$(ACTION) clean";
			buildConfigurationList = 0142E25A0A37DAD800461F0A /* Build configuration list for PBXLegacyTarget "Clean" */;
			buildPhases = (
			);
			buildToolPath = /usr/bin/make;
			dependencies = (
			);
			name = Clean;
			passBuildSettingsInEnvironment = 1;
			productName = Program;
		};
		01706F540A347F6900E43B08 /* Make Executable */ = {
			isa = PBXLegacyTarget;
			buildArgumentsString = "$(ACTION)";
			buildConfigurationList = 01706F550A347F8800E43B08 /* Build configuration list for PBXLegacyTarget "Make Executable" */;
			buildPhases = (
			);
			buildToolPath = /usr/bin/make;
			dependencies = (
			);
			name = "Make Executable";
			passBuildSettingsInEnvironment = 1;
			productName = Make;
		};
/* End PBXLegacyTarget section */

/* Begin PBXProject section */
		08FB7793FE84155DC02AAC07 /* Project object */ = {
			isa = PBXProject;
			buildConfigurationList = 01706F350A34762900E43B08 /* Build configuration list for PBXProject "TEST" */;
			compatibilityVersion = "Xcode 2.4";
			hasScannedForEncodings = 1;
			mainGroup = 08FB7794FE84155DC02AAC07 /* ¬´PROJECTNAME¬ª */;
			productRefGroup = 08FB7794FE84155DC02AAC07 /* ¬´PROJECTNAME¬ª */;
			projectDirPath = "";
			projectRoot = "";
			targets = (
				01706F540A347F6900E43B08 /* Make Executable */,
				0142E2590A37DAD800461F0A /* Clean */,
				BC7FBBAC1215DFD9008893E4 /* Program */,
			);
		};
/* End PBXProject section */

/* Begin PBXShellScriptBuildPhase section */
		BC7FBBAB1215DFD9008893E4 /* ShellScript */ = {
			isa = PBXShellScriptBuildPhase;
			buildActionMask = 2147483647;
			files = (
			);
			inputPaths = (
			);
			outputPaths = (
			);
			runOnlyForDeploymentPostprocessing = 0;
			shellPath = /bin/sh;
			shellScript = "# shell script goes here\nexit 0";
		};
/* End PBXShellScriptBuildPhase section */

/* Begin XCBuildConfiguration section */
		0142E25B0A37DAD800461F0A /* Development */ = {
			isa = XCBuildConfiguration;
			buildSettings = {
				COPY_PHASE_STRIP = NO;
				GCC_DYNAMIC_NO_PIC = NO;
				GCC_GENERATE_DEBUGGING_SYMBOLS = YES;
				GCC_OPTIMIZATION_LEVEL = 0;
				PATH = "/sw/bin/:/usr/local/bin/:$PATH";
				PRODUCT_NAME = Clean;
			};
			name = Development;
		};
		0142E25C0A37DAD800461F0A /* Deployment */ = {
			isa = XCBuildConfiguration;
			buildSettings = {
				COPY_PHASE_STRIP = YES;
				GCC_ENABLE_FIX_AND_CONTINUE = NO;
				GCC_GENERATE_DEBUGGING_SYMBOLS = NO;
				PRODUCT_NAME = Program;
				ZERO_LINK = NO;
			};
			name = Deployment;
		};
		0142E25D0A37DAD800461F0A /* Default */ = {
			isa = XCBuildConfiguration;
			buildSettings = {
				PRODUCT_NAME = Program;
			};
			name = Default;
		};
		01706F360A34762900E43B08 /* Development */ = {
			isa = XCBuildConfiguration;
			buildSettings = {
			};
			name = Development;
		};
		01706F370A34762900E43B08 /* Deployment */ = {
			isa = XCBuildConfiguration;
			buildSettings = {
			};
			name = Deployment;
		};
		01706F380A34762900E43B08 /* Default */ = {
			isa = XCBuildConfiguration;
			buildSettings = {
			};
			name = Default;
		};
		01706F560A347F8800E43B08 /* Development */ = {
			isa = XCBuildConfiguration;
			buildSettings = {
				COPY_PHASE_STRIP = NO;
				GCC_DYNAMIC_NO_PIC = NO;
				GCC_GENERATE_DEBUGGING_SYMBOLS = YES;
				GCC_OPTIMIZATION_LEVEL = 0;
				PATH = "/sw/bin/:/usr/local/bin/:$PATH";
				PRODUCT_NAME = Make;
			};
			name = Development;
		};
		01706F570A347F8800E43B08 /* Deployment */ = {
			isa = XCBuildConfiguration;
			buildSettings = {
				COPY_PHASE_STRIP = YES;
				GCC_ENABLE_FIX_AND_CONTINUE = NO;
				GCC_GENERATE_DEBUGGING_SYMBOLS = NO;
				PRODUCT_NAME = Make;
				ZERO_LINK = NO;
			};
			name = Deployment;
		};
		01706F580A347F8800E43B08 /* Default */ = {
			isa = XCBuildConfiguration;
			buildSettings = {
				PRODUCT_NAME = Make;
			};
			name = Default;
		};
		BC7FBBAD1215DFD9008893E4 /* Development */ = {
			isa = XCBuildConfiguration;
			buildSettings = {
				COPY_PHASE_STRIP = NO;
				GCC_DYNAMIC_NO_PIC = NO;
				GCC_OPTIMIZATION_LEVEL = 0;
				PRODUCT_NAME = Program;
			};
			name = Development;
		};
		BC7FBBAE1215DFD9008893E4 /* Deployment */ = {
			isa = XCBuildConfiguration;
			buildSettings = {
				COPY_PHASE_STRIP = YES;
				DEBUG_INFORMATION_FORMAT = "dwarf-with-dsym";
				GCC_ENABLE_FIX_AND_CONTINUE = NO;
				PRODUCT_NAME = Program;
				ZERO_LINK = NO;
			};
			name = Deployment;
		};
		BC7FBBAF1215DFD9008893E4 /* Default */ = {
			isa = XCBuildConfiguration;
			buildSettings = {
				PRODUCT_NAME = Program;
			};
			name = Default;
		};
/* End XCBuildConfiguration section */

/* Begin XCConfigurationList section */
		0142E25A0A37DAD800461F0A /* Build configuration list for PBXLegacyTarget "Clean" */ = {
			isa = XCConfigurationList;
			buildConfigurations = (
				0142E25B0A37DAD800461F0A /* Development */,
				0142E25C0A37DAD800461F0A /* Deployment */,
				0142E25D0A37DAD800461F0A /* Default */,
			);
			defaultConfigurationIsVisible = 0;
			defaultConfigurationName = Default;
		};
		01706F350A34762900E43B08 /* Build configuration list for PBXProject "TEST" */ = {
			isa = XCConfigurationList;
			buildConfigurations = (
				01706F360A34762900E43B08 /* Development */,
				01706F370A34762900E43B08 /* Deployment */,
				01706F380A34762900E43B08 /* Default */,
			);
			defaultConfigurationIsVisible = 0;
			defaultConfigurationName = Default;
		};
		01706F550A347F8800E43B08 /* Build configuration list for PBXLegacyTarget "Make Executable" */ = {
			isa = XCConfigurationList;
			buildConfigurations = (
				01706F560A347F8800E43B08 /* Development */,
				01706F570A347F8800E43B08 /* Deployment */,
				01706F580A347F8800E43B08 /* Default */,
			);
			defaultConfigurationIsVisible = 0;
			defaultConfigurationName = Default;
		};
		BC7FBBB01215DFF7008893E4 /* Build configuration list for PBXAggregateTarget "Program" */ = {
			isa = XCConfigurationList;
			buildConfigurations = (
				BC7FBBAD1215DFD9008893E4 /* Development */,
				BC7FBBAE1215DFD9008893E4 /* Deployment */,
				BC7FBBAF1215DFD9008893E4 /* Default */,
			);
			defaultConfigurationIsVisible = 0;
			defaultConfigurationName = Default;
		};
/* End XCConfigurationList section */
	};
	rootObject = 08FB7793FE84155DC02AAC07 /* Project object */;
}
